
Microsoft Visual Studio Solution File, Format Version 12.00
# Visual Studio Version 16
VisualStudioVersion = 16.0.30204.135
MinimumVisualStudioVersion = 10.0.40219.1
Project("{FAE04EC0-301F-11D3-BF4B-00C04F79EFBC}") = "ComplSysSecurity_lab1", "ComplSysSecurity_lab1\ComplSysSecurity_lab1.csproj", "{E5884313-98C3-4339-8021-75B1F534613E}"
EndProject
Global
	GlobalSection(SolutionConfigurationPlatforms) = preSolution
		Debug|Any CPU = Debug|Any CPU
		Release|Any CPU = Release|Any CPU
	EndGlobalSection
	GlobalSection(ProjectConfigurationPlatforms) = postSolution
		{E5884313-98C3-4339-8021-75B1F534613E}.Debug|Any CPU.ActiveCfg = Debug|Any CPU
		{E5884313-98C3-4339-8021-75B1F534613E}.Debug|Any CPU.Build.0 = Debug|Any CPU
		{E5884313-98C3-4339-8021-75B1F534613E}.Release|Any CPU.ActiveCfg = Release|Any CPU
		{E5884313-98C3-4339-8021-75B1F534613E}.Release|Any CPU.Build.0 = Release|Any CPU
	EndGlobalSection
	GlobalSection(SolutionProperties) = preSolution
		HideSolutionNode = FALSE
	EndGlobalSection
	GlobalSection(ExtensibilityGlobals) = postSolution
		SolutionGuid = {D860FABE-E6C7-4592-8AA0-A2FDD882B65A}
	EndGlobalSection
EndGlobal
